
Microsoft Visual Studio Solution File, Format Version 12.00
# Visual Studio Version 16
VisualStudioVersion = 16.0.29926.136
MinimumVisualStudioVersion = 10.0.40219.1
Project("{FAE04EC0-301F-11D3-BF4B-00C04F79EFBC}") = "MineSweeper", "MineSweeper.csproj", "{786FE9BA-90B7-4333-9E55-ABE4C44598CE}"
EndProject
Global
	GlobalSection(SolutionConfigurationPlatforms) = preSolution
		Debug|Any CPU = Debug|Any CPU
		Release|Any CPU = Release|Any CPU
	EndGlobalSection
	GlobalSection(ProjectConfigurationPlatforms) = postSolution
		{786FE9BA-90B7-4333-9E55-ABE4C44598CE}.Debug|Any CPU.ActiveCfg = Debug|Any CPU
		{786FE9BA-90B7-4333-9E55-ABE4C44598CE}.Debug|Any CPU.Build.0 = Debug|Any CPU
		{786FE9BA-90B7-4333-9E55-ABE4C44598CE}.Release|Any CPU.ActiveCfg = Release|Any CPU
		{786FE9BA-90B7-4333-9E55-ABE4C44598CE}.Release|Any CPU.Build.0 = Release|Any CPU
	EndGlobalSection
	GlobalSection(SolutionProperties) = preSolution
		HideSolutionNode = FALSE
	EndGlobalSection
	GlobalSection(ExtensibilityGlobals) = postSolution
		SolutionGuid = {E0BA3B0C-150F-4B7F-9F9D-AAA9F2948CBD}
	EndGlobalSection
EndGlobal
